
Microsoft Visual Studio Solution File, Format Version 12.00
# Visual Studio Version 17
VisualStudioVersion = 17.0.32014.148
MinimumVisualStudioVersion = 10.0.40219.1
Project("{9A19103F-16F7-4668-BE54-9A1E7A4F7556}") = "WebTestApplication", "WebTestApplication\WebTestApplication.csproj", "{3B972C19-B443-472D-A7BA-C29C5160086B}"
EndProject
Project("{9A19103F-16F7-4668-BE54-9A1E7A4F7556}") = "WebTest.DataAccess", "WebTest.DataAccess\WebTest.DataAccess.csproj", "{0A396DA8-BF5D-41A6-9052-24DAA5376680}"
EndProject
Project("{9A19103F-16F7-4668-BE54-9A1E7A4F7556}") = "WebTest.Models", "WebTest.Models\WebTest.Models.csproj", "{3F185D8F-52FA-4BDB-A7B4-E62B0C692052}"
EndProject
Project("{9A19103F-16F7-4668-BE54-9A1E7A4F7556}") = "WebTest.Utility", "WebTest.Utility\WebTest.Utility.csproj", "{11DE3C50-F9A0-417C-857D-0B629A4F5F05}"
EndProject
Project("{FAE04EC0-301F-11D3-BF4B-00C04F79EFBC}") = "TestWebApi", "TestWebApi\TestWebApi.csproj", "{6FE13BBA-3A6A-43A0-900C-47FDF58AFE75}"
EndProject
Global
	GlobalSection(SolutionConfigurationPlatforms) = preSolution
		Debug|Any CPU = Debug|Any CPU
		Release|Any CPU = Release|Any CPU
	EndGlobalSection
	GlobalSection(ProjectConfigurationPlatforms) = postSolution
		{3B972C19-B443-472D-A7BA-C29C5160086B}.Debug|Any CPU.ActiveCfg = Debug|Any CPU
		{3B972C19-B443-472D-A7BA-C29C5160086B}.Debug|Any CPU.Build.0 = Debug|Any CPU
		{3B972C19-B443-472D-A7BA-C29C5160086B}.Release|Any CPU.ActiveCfg = Release|Any CPU
		{3B972C19-B443-472D-A7BA-C29C5160086B}.Release|Any CPU.Build.0 = Release|Any CPU
		{0A396DA8-BF5D-41A6-9052-24DAA5376680}.Debug|Any CPU.ActiveCfg = Debug|Any CPU
		{0A396DA8-BF5D-41A6-9052-24DAA5376680}.Debug|Any CPU.Build.0 = Debug|Any CPU
		{0A396DA8-BF5D-41A6-9052-24DAA5376680}.Release|Any CPU.ActiveCfg = Release|Any CPU
		{0A396DA8-BF5D-41A6-9052-24DAA5376680}.Release|Any CPU.Build.0 = Release|Any CPU
		{3F185D8F-52FA-4BDB-A7B4-E62B0C692052}.Debug|Any CPU.ActiveCfg = Debug|Any CPU
		{3F185D8F-52FA-4BDB-A7B4-E62B0C692052}.Debug|Any CPU.Build.0 = Debug|Any CPU
		{3F185D8F-52FA-4BDB-A7B4-E62B0C692052}.Release|Any CPU.ActiveCfg = Release|Any CPU
		{3F185D8F-52FA-4BDB-A7B4-E62B0C692052}.Release|Any CPU.Build.0 = Release|Any CPU
		{11DE3C50-F9A0-417C-857D-0B629A4F5F05}.Debug|Any CPU.ActiveCfg = Debug|Any CPU
		{11DE3C50-F9A0-417C-857D-0B629A4F5F05}.Debug|Any CPU.Build.0 = Debug|Any CPU
		{11DE3C50-F9A0-417C-857D-0B629A4F5F05}.Release|Any CPU.ActiveCfg = Release|Any CPU
		{11DE3C50-F9A0-417C-857D-0B629A4F5F05}.Release|Any CPU.Build.0 = Release|Any CPU
		{6FE13BBA-3A6A-43A0-900C-47FDF58AFE75}.Debug|Any CPU.ActiveCfg = Debug|Any CPU
		{6FE13BBA-3A6A-43A0-900C-47FDF58AFE75}.Debug|Any CPU.Build.0 = Debug|Any CPU
		{6FE13BBA-3A6A-43A0-900C-47FDF58AFE75}.Release|Any CPU.ActiveCfg = Release|Any CPU
		{6FE13BBA-3A6A-43A0-900C-47FDF58AFE75}.Release|Any CPU.Build.0 = Release|Any CPU
	EndGlobalSection
	GlobalSection(SolutionProperties) = preSolution
		HideSolutionNode = FALSE
	EndGlobalSection
	GlobalSection(ExtensibilityGlobals) = postSolution
		SolutionGuid = {C91C42F7-D28D-454C-97F7-BAAA108FF85A}
	EndGlobalSection
EndGlobal
